// !$*UTF8*$!
{
	archiveVersion = 1;
	classes = {
	};
	objectVersion = 46;
	objects = {

/* Begin PBXBuildFile section */
		615C54D683ACF2345564DCC8 /* Pods_In2_PI_Swift.framework in Frameworks */ = {isa = PBXBuildFile; fileRef = 54D9D85A29F7F171A635D2C8 /* Pods_In2_PI_Swift.framework */; };
		D90A08231BB5D4BD0033DD6B /* TFHpple.m in Sources */ = {isa = PBXBuildFile; fileRef = D90A081E1BB5D4BD0033DD6B /* TFHpple.m */; settings = {ASSET_TAGS = (); }; };
		D90A08241BB5D4BD0033DD6B /* TFHppleElement.m in Sources */ = {isa = PBXBuildFile; fileRef = D90A08201BB5D4BD0033DD6B /* TFHppleElement.m */; settings = {ASSET_TAGS = (); }; };
		D90A08251BB5D4BD0033DD6B /* XPathQuery.m in Sources */ = {isa = PBXBuildFile; fileRef = D90A08221BB5D4BD0033DD6B /* XPathQuery.m */; settings = {ASSET_TAGS = (); }; };
		D90A08271BB5D5810033DD6B /* libxml2.2.tbd in Frameworks */ = {isa = PBXBuildFile; fileRef = D90A08261BB5D5810033DD6B /* libxml2.2.tbd */; };
		D90A7AFC1B923F13003EA693 /* NurtureViewController.swift in Sources */ = {isa = PBXBuildFile; fileRef = D90A7AFB1B923F13003EA693 /* NurtureViewController.swift */; };
		D90A7AFE1B92406F003EA693 /* HomeScreenViewController.swift in Sources */ = {isa = PBXBuildFile; fileRef = D90A7AFD1B92406F003EA693 /* HomeScreenViewController.swift */; };
		D90A7B001B9240EC003EA693 /* CommunicationsViewController.swift in Sources */ = {isa = PBXBuildFile; fileRef = D90A7AFF1B9240EC003EA693 /* CommunicationsViewController.swift */; };
		D90A7B021B924135003EA693 /* SocialServicesViewController.swift in Sources */ = {isa = PBXBuildFile; fileRef = D90A7B011B924135003EA693 /* SocialServicesViewController.swift */; };
		D90A7B041B92413F003EA693 /* EvangelismViewController.swift in Sources */ = {isa = PBXBuildFile; fileRef = D90A7B031B92413F003EA693 /* EvangelismViewController.swift */; };
		D90A7B061B92415D003EA693 /* AboutPIViewControlller.swift in Sources */ = {isa = PBXBuildFile; fileRef = D90A7B051B92415D003EA693 /* AboutPIViewControlller.swift */; };
		D90A7B081B924164003EA693 /* GalleryViewController.swift in Sources */ = {isa = PBXBuildFile; fileRef = D90A7B071B924164003EA693 /* GalleryViewController.swift */; };
		D90A7B0A1B924256003EA693 /* ParentViewController.swift in Sources */ = {isa = PBXBuildFile; fileRef = D90A7B091B924256003EA693 /* ParentViewController.swift */; };
		D910DD881BADFF2500E8A99F /* WeeklyProgram.swift in Sources */ = {isa = PBXBuildFile; fileRef = D910DD871BADFF2500E8A99F /* WeeklyProgram.swift */; settings = {ASSET_TAGS = (); }; };
		D92295951B9BF87000C34A66 /* WorshipViewController.swift in Sources */ = {isa = PBXBuildFile; fileRef = D92295941B9BF87000C34A66 /* WorshipViewController.swift */; };
		D92B56351BD5C8930085208F /* LoginViewController.swift in Sources */ = {isa = PBXBuildFile; fileRef = D92B56341BD5C8930085208F /* LoginViewController.swift */; settings = {ASSET_TAGS = (); }; };
		D952B17B1B5EF5330089116C /* Constants.swift in Sources */ = {isa = PBXBuildFile; fileRef = D952B17A1B5EF5330089116C /* Constants.swift */; };
		D952B17D1B5EF5CA0089116C /* HideKey.swift in Sources */ = {isa = PBXBuildFile; fileRef = D952B17C1B5EF5CA0089116C /* HideKey.swift */; };
		D95EC5241B978DF000782925 /* FacebookFeedQuery.swift in Sources */ = {isa = PBXBuildFile; fileRef = D95EC5231B978DF000782925 /* FacebookFeedQuery.swift */; };
		D95EC5261B978E6400782925 /* FBFeedArticle.swift in Sources */ = {isa = PBXBuildFile; fileRef = D95EC5251B978E6400782925 /* FBFeedArticle.swift */; };
		D95EC5291B97963000782925 /* StringExtension.swift in Sources */ = {isa = PBXBuildFile; fileRef = D95EC5281B97963000782925 /* StringExtension.swift */; };
		D97839821BF9305B00E4A834 /* SignUpViewController.swift in Sources */ = {isa = PBXBuildFile; fileRef = D97839811BF9305B00E4A834 /* SignUpViewController.swift */; settings = {ASSET_TAGS = (); }; };
		D97C16991BAA3E990095CB0A /* CommunicationsTableViewCell.swift in Sources */ = {isa = PBXBuildFile; fileRef = D97C16971BAA3E990095CB0A /* CommunicationsTableViewCell.swift */; settings = {ASSET_TAGS = (); }; };
		D97C169A1BAA3E990095CB0A /* CommunicationsTableViewCell.xib in Resources */ = {isa = PBXBuildFile; fileRef = D97C16981BAA3E990095CB0A /* CommunicationsTableViewCell.xib */; settings = {ASSET_TAGS = (); }; };
		D98FEFB01B9C077F003614A7 /* Main.storyboard in Resources */ = {isa = PBXBuildFile; fileRef = D9D3CDF01B3F20EF00C8E195 /* Main.storyboard */; };
		D98FEFB21B9C0C65003614A7 /* ApplyWidgetView.swift in Sources */ = {isa = PBXBuildFile; fileRef = D98FEFB11B9C0C65003614A7 /* ApplyWidgetView.swift */; };
		D98FEFB41B9C0C8E003614A7 /* ApplyWidgetView.xib in Resources */ = {isa = PBXBuildFile; fileRef = D98FEFB31B9C0C8E003614A7 /* ApplyWidgetView.xib */; };
		D9965A791B9E1D6800AB4A74 /* PaddedLabel.swift in Sources */ = {isa = PBXBuildFile; fileRef = D9965A781B9E1D6800AB4A74 /* PaddedLabel.swift */; };
		D9965A7E1B9E5A3600AB4A74 /* NewsArticleView.xib in Resources */ = {isa = PBXBuildFile; fileRef = D9965A7D1B9E5A3600AB4A74 /* NewsArticleView.xib */; };
		D9965A801B9E5DB600AB4A74 /* NewsArticleView.swift in Sources */ = {isa = PBXBuildFile; fileRef = D9965A7F1B9E5DB600AB4A74 /* NewsArticleView.swift */; };
		D99991A71BB1AF0E0022EF10 /* WeeklyProgramDownloader.swift in Sources */ = {isa = PBXBuildFile; fileRef = D99991A61BB1AF0E0022EF10 /* WeeklyProgramDownloader.swift */; settings = {ASSET_TAGS = (); }; };
		D99991A91BB1BEF90022EF10 /* HttpFileDownloader.swift in Sources */ = {isa = PBXBuildFile; fileRef = D99991A81BB1BEF90022EF10 /* HttpFileDownloader.swift */; settings = {ASSET_TAGS = (); }; };
		D99EF24F1B9F59FD00026D66 /* FacebookQuery.swift in Sources */ = {isa = PBXBuildFile; fileRef = D99EF24E1B9F59FD00026D66 /* FacebookQuery.swift */; };
		D9B34A211B76F6BB00590DFB /* HomeScreenPurpleButton.swift in Sources */ = {isa = PBXBuildFile; fileRef = D9B34A201B76F6BB00590DFB /* HomeScreenPurpleButton.swift */; };
		D9B34A241B77840700590DFB /* NanumBarunGothicLight.otf in Resources */ = {isa = PBXBuildFile; fileRef = D9B34A221B77840700590DFB /* NanumBarunGothicLight.otf */; };
		D9B34A251B77840700590DFB /* NanumBarunGothicUltraLight.otf in Resources */ = {isa = PBXBuildFile; fileRef = D9B34A231B77840700590DFB /* NanumBarunGothicUltraLight.otf */; };
		D9B549A81B76D7FB00BF4887 /* SWRevealViewController.m in Sources */ = {isa = PBXBuildFile; fileRef = D9B549A71B76D7FB00BF4887 /* SWRevealViewController.m */; };
		D9B9B5791B4B1B0000DA476E /* splashScreen.mp4 in Resources */ = {isa = PBXBuildFile; fileRef = D9B9B5781B4B1B0000DA476E /* splashScreen.mp4 */; };
		D9BE263D1B64A1B700C3BA7D /* UIColorExtension.swift in Sources */ = {isa = PBXBuildFile; fileRef = D9BE263C1B64A1B700C3BA7D /* UIColorExtension.swift */; };
		D9C7563E1BA0C2A000EC22CF /* ExpandableAboutView.xib in Resources */ = {isa = PBXBuildFile; fileRef = D9C7563D1BA0C2A000EC22CF /* ExpandableAboutView.xib */; };
		D9C756401BA0C2C800EC22CF /* ExpandableAboutView.swift in Sources */ = {isa = PBXBuildFile; fileRef = D9C7563F1BA0C2C800EC22CF /* ExpandableAboutView.swift */; };
		D9D3CDED1B3F20EF00C8E195 /* AppDelegate.swift in Sources */ = {isa = PBXBuildFile; fileRef = D9D3CDEC1B3F20EF00C8E195 /* AppDelegate.swift */; };
		D9D3CDF41B3F20EF00C8E195 /* Images.xcassets in Resources */ = {isa = PBXBuildFile; fileRef = D9D3CDF31B3F20EF00C8E195 /* Images.xcassets */; };
		D9D3CE031B3F20EF00C8E195 /* In2_PI_SwiftTests.swift in Sources */ = {isa = PBXBuildFile; fileRef = D9D3CE021B3F20EF00C8E195 /* In2_PI_SwiftTests.swift */; };
		D9D3CE121B3F309C00C8E195 /* InfoPlist.strings in Resources */ = {isa = PBXBuildFile; fileRef = D9D3CE141B3F309C00C8E195 /* InfoPlist.strings */; };
		D9D3CE191B3F338D00C8E195 /* Localizable.strings in Resources */ = {isa = PBXBuildFile; fileRef = D9D3CE1B1B3F338D00C8E195 /* Localizable.strings */; };
		D9D3CE1E1B3F372F00C8E195 /* ListOfExternalLinks.strings in Resources */ = {isa = PBXBuildFile; fileRef = D9D3CE1D1B3F372F00C8E195 /* ListOfExternalLinks.strings */; };
		D9D3CE211B3F4B1E00C8E195 /* HomeActionCollectionViewCell.swift in Sources */ = {isa = PBXBuildFile; fileRef = D9D3CE201B3F4B1E00C8E195 /* HomeActionCollectionViewCell.swift */; };
		D9D7C5591B82CFE4003E48EA /* todolist.txt in Resources */ = {isa = PBXBuildFile; fileRef = D9D7C5581B82CFE4003E48EA /* todolist.txt */; };
		D9DA04781BA5B68600F434F4 /* EvangelismApplyWidgetView.xib in Resources */ = {isa = PBXBuildFile; fileRef = D9DA04771BA5B68600F434F4 /* EvangelismApplyWidgetView.xib */; settings = {ASSET_TAGS = (); }; };
		D9DA047A1BA5B69100F434F4 /* EvangelismApplyWidgetView.swift in Sources */ = {isa = PBXBuildFile; fileRef = D9DA04791BA5B69100F434F4 /* EvangelismApplyWidgetView.swift */; settings = {ASSET_TAGS = (); }; };
		D9EF135F1BAA44B4006D7F78 /* CustomDateFormatter.swift in Sources */ = {isa = PBXBuildFile; fileRef = D9EF135E1BAA44B4006D7F78 /* CustomDateFormatter.swift */; settings = {ASSET_TAGS = (); }; };
		D9F7F4811B93547600D86FF7 /* FacebookPhotoQuery.swift in Sources */ = {isa = PBXBuildFile; fileRef = D9F7F4801B93547600D86FF7 /* FacebookPhotoQuery.swift */; };
		D9F7F4831B935DFA00D86FF7 /* GalleryCell.swift in Sources */ = {isa = PBXBuildFile; fileRef = D9F7F4821B935DFA00D86FF7 /* GalleryCell.swift */; };
		D9F7F4861B93687700D86FF7 /* FBPhoto.swift in Sources */ = {isa = PBXBuildFile; fileRef = D9F7F4851B93687700D86FF7 /* FBPhoto.swift */; };
		D9F8C4701BA4BE4300881B94 /* TodaysQTWidget.swift in Sources */ = {isa = PBXBuildFile; fileRef = D9F8C46F1BA4BE4300881B94 /* TodaysQTWidget.swift */; settings = {ASSET_TAGS = (); }; };
		D9F8C4761BA4C33200881B94 /* TodaysQTWidget.xib in Resources */ = {isa = PBXBuildFile; fileRef = D9F8C4751BA4C33200881B94 /* TodaysQTWidget.xib */; settings = {ASSET_TAGS = (); }; };
		D9F8C4781BA4CFF800881B94 /* ExpandableAboutViewHandler.swift in Sources */ = {isa = PBXBuildFile; fileRef = D9F8C4771BA4CFF800881B94 /* ExpandableAboutViewHandler.swift */; settings = {ASSET_TAGS = (); }; };
		D9F9C7E11B644EBA00F5C17D /* savedCodeForLater in Resources */ = {isa = PBXBuildFile; fileRef = D9F9C7E01B644EBA00F5C17D /* savedCodeForLater */; };
		D9F9C7E51B645FE300F5C17D /* NanumBarunGothic.otf in Resources */ = {isa = PBXBuildFile; fileRef = D9F9C7E31B645FE300F5C17D /* NanumBarunGothic.otf */; };
		D9F9C7E61B645FE300F5C17D /* NanumBarunGothicBold.otf in Resources */ = {isa = PBXBuildFile; fileRef = D9F9C7E41B645FE300F5C17D /* NanumBarunGothicBold.otf */; };
		D9F9C7EA1B64873800F5C17D /* LeftNavDrawerController.swift in Sources */ = {isa = PBXBuildFile; fileRef = D9F9C7E91B64873800F5C17D /* LeftNavDrawerController.swift */; };
/* End PBXBuildFile section */

/* Begin PBXContainerItemProxy section */
		D9D3CDFD1B3F20EF00C8E195 /* PBXContainerItemProxy */ = {
			isa = PBXContainerItemProxy;
			containerPortal = D9D3CDDF1B3F20EF00C8E195 /* Project object */;
			proxyType = 1;
			remoteGlobalIDString = D9D3CDE61B3F20EF00C8E195;
			remoteInfo = "In2-PI-Swift";
		};
/* End PBXContainerItemProxy section */

/* Begin PBXFileReference section */
		15F9BC9F44944956571DAF7B /* Pods-In2-PI-Swift.debug.xcconfig */ = {isa = PBXFileReference; includeInIndex = 1; lastKnownFileType = text.xcconfig; name = "Pods-In2-PI-Swift.debug.xcconfig"; path = "Pods/Target Support Files/Pods-In2-PI-Swift/Pods-In2-PI-Swift.debug.xcconfig"; sourceTree = "<group>"; };
		24E64E21CAF4188A4E4E9D5B /* Pods-In2-PI-Swift.release.xcconfig */ = {isa = PBXFileReference; includeInIndex = 1; lastKnownFileType = text.xcconfig; name = "Pods-In2-PI-Swift.release.xcconfig"; path = "Pods/Target Support Files/Pods-In2-PI-Swift/Pods-In2-PI-Swift.release.xcconfig"; sourceTree = "<group>"; };
		54D9D85A29F7F171A635D2C8 /* Pods_In2_PI_Swift.framework */ = {isa = PBXFileReference; explicitFileType = wrapper.framework; includeInIndex = 0; path = Pods_In2_PI_Swift.framework; sourceTree = BUILT_PRODUCTS_DIR; };
		D90A081D1BB5D4BD0033DD6B /* TFHpple.h */ = {isa = PBXFileReference; fileEncoding = 4; lastKnownFileType = sourcecode.c.h; path = TFHpple.h; sourceTree = "<group>"; };
		D90A081E1BB5D4BD0033DD6B /* TFHpple.m */ = {isa = PBXFileReference; fileEncoding = 4; lastKnownFileType = sourcecode.c.objc; path = TFHpple.m; sourceTree = "<group>"; };
		D90A081F1BB5D4BD0033DD6B /* TFHppleElement.h */ = {isa = PBXFileReference; fileEncoding = 4; lastKnownFileType = sourcecode.c.h; path = TFHppleElement.h; sourceTree = "<group>"; };
		D90A08201BB5D4BD0033DD6B /* TFHppleElement.m */ = {isa = PBXFileReference; fileEncoding = 4; lastKnownFileType = sourcecode.c.objc; path = TFHppleElement.m; sourceTree = "<group>"; };
		D90A08211BB5D4BD0033DD6B /* XPathQuery.h */ = {isa = PBXFileReference; fileEncoding = 4; lastKnownFileType = sourcecode.c.h; path = XPathQuery.h; sourceTree = "<group>"; };
		D90A08221BB5D4BD0033DD6B /* XPathQuery.m */ = {isa = PBXFileReference; fileEncoding = 4; lastKnownFileType = sourcecode.c.objc; path = XPathQuery.m; sourceTree = "<group>"; };
		D90A08261BB5D5810033DD6B /* libxml2.2.tbd */ = {isa = PBXFileReference; lastKnownFileType = "sourcecode.text-based-dylib-definition"; name = libxml2.2.tbd; path = usr/lib/libxml2.2.tbd; sourceTree = SDKROOT; };
		D90A7AFB1B923F13003EA693 /* NurtureViewController.swift */ = {isa = PBXFileReference; fileEncoding = 4; lastKnownFileType = sourcecode.swift; path = NurtureViewController.swift; sourceTree = "<group>"; };
		D90A7AFD1B92406F003EA693 /* HomeScreenViewController.swift */ = {isa = PBXFileReference; fileEncoding = 4; lastKnownFileType = sourcecode.swift; path = HomeScreenViewController.swift; sourceTree = "<group>"; };
		D90A7AFF1B9240EC003EA693 /* CommunicationsViewController.swift */ = {isa = PBXFileReference; fileEncoding = 4; lastKnownFileType = sourcecode.swift; path = CommunicationsViewController.swift; sourceTree = "<group>"; };
		D90A7B011B924135003EA693 /* SocialServicesViewController.swift */ = {isa = PBXFileReference; fileEncoding = 4; lastKnownFileType = sourcecode.swift; path = SocialServicesViewController.swift; sourceTree = "<group>"; };
		D90A7B031B92413F003EA693 /* EvangelismViewController.swift */ = {isa = PBXFileReference; fileEncoding = 4; lastKnownFileType = sourcecode.swift; path = EvangelismViewController.swift; sourceTree = "<group>"; };
		D90A7B051B92415D003EA693 /* AboutPIViewControlller.swift */ = {isa = PBXFileReference; fileEncoding = 4; lastKnownFileType = sourcecode.swift; path = AboutPIViewControlller.swift; sourceTree = "<group>"; };
		D90A7B071B924164003EA693 /* GalleryViewController.swift */ = {isa = PBXFileReference; fileEncoding = 4; lastKnownFileType = sourcecode.swift; path = GalleryViewController.swift; sourceTree = "<group>"; };
		D90A7B091B924256003EA693 /* ParentViewController.swift */ = {isa = PBXFileReference; fileEncoding = 4; lastKnownFileType = sourcecode.swift; path = ParentViewController.swift; sourceTree = "<group>"; };
		D910DD871BADFF2500E8A99F /* WeeklyProgram.swift */ = {isa = PBXFileReference; fileEncoding = 4; lastKnownFileType = sourcecode.swift; path = WeeklyProgram.swift; sourceTree = "<group>"; };
		D92295941B9BF87000C34A66 /* WorshipViewController.swift */ = {isa = PBXFileReference; fileEncoding = 4; lastKnownFileType = sourcecode.swift; path = WorshipViewController.swift; sourceTree = "<group>"; };
		D92B56341BD5C8930085208F /* LoginViewController.swift */ = {isa = PBXFileReference; fileEncoding = 4; lastKnownFileType = sourcecode.swift; path = LoginViewController.swift; sourceTree = "<group>"; };
		D952B17A1B5EF5330089116C /* Constants.swift */ = {isa = PBXFileReference; fileEncoding = 4; lastKnownFileType = sourcecode.swift; path = Constants.swift; sourceTree = "<group>"; };
		D952B17C1B5EF5CA0089116C /* HideKey.swift */ = {isa = PBXFileReference; fileEncoding = 4; lastKnownFileType = sourcecode.swift; path = HideKey.swift; sourceTree = "<group>"; };
		D95EC5231B978DF000782925 /* FacebookFeedQuery.swift */ = {isa = PBXFileReference; fileEncoding = 4; lastKnownFileType = sourcecode.swift; path = FacebookFeedQuery.swift; sourceTree = "<group>"; };
		D95EC5251B978E6400782925 /* FBFeedArticle.swift */ = {isa = PBXFileReference; fileEncoding = 4; lastKnownFileType = sourcecode.swift; path = FBFeedArticle.swift; sourceTree = "<group>"; };
		D95EC5281B97963000782925 /* StringExtension.swift */ = {isa = PBXFileReference; fileEncoding = 4; lastKnownFileType = sourcecode.swift; path = StringExtension.swift; sourceTree = "<group>"; };
		D9713E8B1B5ED166009D809A /* In2-PI-Swift-Bridging-Header.h */ = {isa = PBXFileReference; lastKnownFileType = sourcecode.c.h; path = "In2-PI-Swift-Bridging-Header.h"; sourceTree = "<group>"; };
		D97839811BF9305B00E4A834 /* SignUpViewController.swift */ = {isa = PBXFileReference; fileEncoding = 4; lastKnownFileType = sourcecode.swift; path = SignUpViewController.swift; sourceTree = "<group>"; };
		D97C16971BAA3E990095CB0A /* CommunicationsTableViewCell.swift */ = {isa = PBXFileReference; fileEncoding = 4; lastKnownFileType = sourcecode.swift; path = CommunicationsTableViewCell.swift; sourceTree = "<group>"; };
		D97C16981BAA3E990095CB0A /* CommunicationsTableViewCell.xib */ = {isa = PBXFileReference; fileEncoding = 4; lastKnownFileType = file.xib; path = CommunicationsTableViewCell.xib; sourceTree = "<group>"; };
		D98FEFB11B9C0C65003614A7 /* ApplyWidgetView.swift */ = {isa = PBXFileReference; fileEncoding = 4; lastKnownFileType = sourcecode.swift; path = ApplyWidgetView.swift; sourceTree = "<group>"; };
		D98FEFB31B9C0C8E003614A7 /* ApplyWidgetView.xib */ = {isa = PBXFileReference; fileEncoding = 4; lastKnownFileType = file.xib; path = ApplyWidgetView.xib; sourceTree = "<group>"; };
		D9965A781B9E1D6800AB4A74 /* PaddedLabel.swift */ = {isa = PBXFileReference; fileEncoding = 4; lastKnownFileType = sourcecode.swift; path = PaddedLabel.swift; sourceTree = "<group>"; };
		D9965A7D1B9E5A3600AB4A74 /* NewsArticleView.xib */ = {isa = PBXFileReference; fileEncoding = 4; lastKnownFileType = file.xib; path = NewsArticleView.xib; sourceTree = "<group>"; };
		D9965A7F1B9E5DB600AB4A74 /* NewsArticleView.swift */ = {isa = PBXFileReference; fileEncoding = 4; lastKnownFileType = sourcecode.swift; path = NewsArticleView.swift; sourceTree = "<group>"; };
		D99991A61BB1AF0E0022EF10 /* WeeklyProgramDownloader.swift */ = {isa = PBXFileReference; fileEncoding = 4; lastKnownFileType = sourcecode.swift; path = WeeklyProgramDownloader.swift; sourceTree = "<group>"; };
		D99991A81BB1BEF90022EF10 /* HttpFileDownloader.swift */ = {isa = PBXFileReference; fileEncoding = 4; lastKnownFileType = sourcecode.swift; path = HttpFileDownloader.swift; sourceTree = "<group>"; };
		D99EF24E1B9F59FD00026D66 /* FacebookQuery.swift */ = {isa = PBXFileReference; fileEncoding = 4; lastKnownFileType = sourcecode.swift; path = FacebookQuery.swift; sourceTree = "<group>"; };
		D9B34A201B76F6BB00590DFB /* HomeScreenPurpleButton.swift */ = {isa = PBXFileReference; fileEncoding = 4; lastKnownFileType = sourcecode.swift; path = HomeScreenPurpleButton.swift; sourceTree = "<group>"; };
		D9B34A221B77840700590DFB /* NanumBarunGothicLight.otf */ = {isa = PBXFileReference; lastKnownFileType = file; path = NanumBarunGothicLight.otf; sourceTree = "<group>"; };
		D9B34A231B77840700590DFB /* NanumBarunGothicUltraLight.otf */ = {isa = PBXFileReference; lastKnownFileType = file; path = NanumBarunGothicUltraLight.otf; sourceTree = "<group>"; };
		D9B549A61B76D7FB00BF4887 /* SWRevealViewController.h */ = {isa = PBXFileReference; fileEncoding = 4; lastKnownFileType = sourcecode.c.h; path = SWRevealViewController.h; sourceTree = "<group>"; };
		D9B549A71B76D7FB00BF4887 /* SWRevealViewController.m */ = {isa = PBXFileReference; fileEncoding = 4; lastKnownFileType = sourcecode.c.objc; path = SWRevealViewController.m; sourceTree = "<group>"; };
		D9B9B5781B4B1B0000DA476E /* splashScreen.mp4 */ = {isa = PBXFileReference; lastKnownFileType = file; path = splashScreen.mp4; sourceTree = "<group>"; };
		D9BE263C1B64A1B700C3BA7D /* UIColorExtension.swift */ = {isa = PBXFileReference; fileEncoding = 4; lastKnownFileType = sourcecode.swift; path = UIColorExtension.swift; sourceTree = "<group>"; };
		D9C7563D1BA0C2A000EC22CF /* ExpandableAboutView.xib */ = {isa = PBXFileReference; fileEncoding = 4; lastKnownFileType = file.xib; path = ExpandableAboutView.xib; sourceTree = "<group>"; };
		D9C7563F1BA0C2C800EC22CF /* ExpandableAboutView.swift */ = {isa = PBXFileReference; fileEncoding = 4; lastKnownFileType = sourcecode.swift; path = ExpandableAboutView.swift; sourceTree = "<group>"; };
		D9D3CDE71B3F20EF00C8E195 /* In2-PI-Swift.app */ = {isa = PBXFileReference; explicitFileType = wrapper.application; includeInIndex = 0; path = "In2-PI-Swift.app"; sourceTree = BUILT_PRODUCTS_DIR; };
		D9D3CDEB1B3F20EF00C8E195 /* Info.plist */ = {isa = PBXFileReference; lastKnownFileType = text.plist.xml; path = Info.plist; sourceTree = "<group>"; };
		D9D3CDEC1B3F20EF00C8E195 /* AppDelegate.swift */ = {isa = PBXFileReference; lastKnownFileType = sourcecode.swift; path = AppDelegate.swift; sourceTree = "<group>"; };
		D9D3CDF11B3F20EF00C8E195 /* Base */ = {isa = PBXFileReference; lastKnownFileType = file.storyboard; name = Base; path = Base.lproj/Main.storyboard; sourceTree = "<group>"; };
		D9D3CDF31B3F20EF00C8E195 /* Images.xcassets */ = {isa = PBXFileReference; lastKnownFileType = folder.assetcatalog; path = Images.xcassets; sourceTree = "<group>"; };
		D9D3CDF61B3F20EF00C8E195 /* Base */ = {isa = PBXFileReference; lastKnownFileType = file.xib; name = Base; path = Base.lproj/LaunchScreen.xib; sourceTree = "<group>"; };
		D9D3CDFC1B3F20EF00C8E195 /* In2-PI-SwiftTests.xctest */ = {isa = PBXFileReference; explicitFileType = wrapper.cfbundle; includeInIndex = 0; path = "In2-PI-SwiftTests.xctest"; sourceTree = BUILT_PRODUCTS_DIR; };
		D9D3CE011B3F20EF00C8E195 /* Info.plist */ = {isa = PBXFileReference; lastKnownFileType = text.plist.xml; path = Info.plist; sourceTree = "<group>"; };
		D9D3CE021B3F20EF00C8E195 /* In2_PI_SwiftTests.swift */ = {isa = PBXFileReference; lastKnownFileType = sourcecode.swift; path = In2_PI_SwiftTests.swift; sourceTree = "<group>"; };
		D9D3CE101B3F307F00C8E195 /* ko */ = {isa = PBXFileReference; lastKnownFileType = text.plist.strings; name = ko; path = ko.lproj/Main.strings; sourceTree = "<group>"; };
		D9D3CE111B3F307F00C8E195 /* ko */ = {isa = PBXFileReference; lastKnownFileType = text.plist.strings; name = ko; path = ko.lproj/LaunchScreen.strings; sourceTree = "<group>"; };
		D9D3CE151B3F30A700C8E195 /* en */ = {isa = PBXFileReference; lastKnownFileType = text.plist.strings; name = en; path = en.lproj/InfoPlist.strings; sourceTree = "<group>"; };
		D9D3CE161B3F30A800C8E195 /* ko */ = {isa = PBXFileReference; lastKnownFileType = text.plist.strings; name = ko; path = ko.lproj/InfoPlist.strings; sourceTree = "<group>"; };
		D9D3CE1A1B3F338D00C8E195 /* en */ = {isa = PBXFileReference; lastKnownFileType = text.plist.strings; name = en; path = en.lproj/Localizable.strings; sourceTree = "<group>"; };
		D9D3CE1C1B3F339200C8E195 /* ko */ = {isa = PBXFileReference; lastKnownFileType = text.plist.strings; name = ko; path = ko.lproj/Localizable.strings; sourceTree = "<group>"; };
		D9D3CE1D1B3F372F00C8E195 /* ListOfExternalLinks.strings */ = {isa = PBXFileReference; fileEncoding = 4; lastKnownFileType = text.plist.strings; path = ListOfExternalLinks.strings; sourceTree = "<group>"; };
		D9D3CE201B3F4B1E00C8E195 /* HomeActionCollectionViewCell.swift */ = {isa = PBXFileReference; fileEncoding = 4; lastKnownFileType = sourcecode.swift; path = HomeActionCollectionViewCell.swift; sourceTree = "<group>"; };
		D9D7C5581B82CFE4003E48EA /* todolist.txt */ = {isa = PBXFileReference; fileEncoding = 4; lastKnownFileType = text; path = todolist.txt; sourceTree = "<group>"; };
		D9DA04771BA5B68600F434F4 /* EvangelismApplyWidgetView.xib */ = {isa = PBXFileReference; fileEncoding = 4; lastKnownFileType = file.xib; path = EvangelismApplyWidgetView.xib; sourceTree = "<group>"; };
		D9DA04791BA5B69100F434F4 /* EvangelismApplyWidgetView.swift */ = {isa = PBXFileReference; fileEncoding = 4; lastKnownFileType = sourcecode.swift; path = EvangelismApplyWidgetView.swift; sourceTree = "<group>"; };
		D9EF135E1BAA44B4006D7F78 /* CustomDateFormatter.swift */ = {isa = PBXFileReference; fileEncoding = 4; lastKnownFileType = sourcecode.swift; path = CustomDateFormatter.swift; sourceTree = "<group>"; };
		D9F7F4801B93547600D86FF7 /* FacebookPhotoQuery.swift */ = {isa = PBXFileReference; fileEncoding = 4; lastKnownFileType = sourcecode.swift; path = FacebookPhotoQuery.swift; sourceTree = "<group>"; };
		D9F7F4821B935DFA00D86FF7 /* GalleryCell.swift */ = {isa = PBXFileReference; fileEncoding = 4; lastKnownFileType = sourcecode.swift; path = GalleryCell.swift; sourceTree = "<group>"; };
		D9F7F4851B93687700D86FF7 /* FBPhoto.swift */ = {isa = PBXFileReference; fileEncoding = 4; lastKnownFileType = sourcecode.swift; path = FBPhoto.swift; sourceTree = "<group>"; };
		D9F8C46F1BA4BE4300881B94 /* TodaysQTWidget.swift */ = {isa = PBXFileReference; fileEncoding = 4; lastKnownFileType = sourcecode.swift; path = TodaysQTWidget.swift; sourceTree = "<group>"; };
		D9F8C4751BA4C33200881B94 /* TodaysQTWidget.xib */ = {isa = PBXFileReference; fileEncoding = 4; lastKnownFileType = file.xib; path = TodaysQTWidget.xib; sourceTree = "<group>"; };
		D9F8C4771BA4CFF800881B94 /* ExpandableAboutViewHandler.swift */ = {isa = PBXFileReference; fileEncoding = 4; lastKnownFileType = sourcecode.swift; name = ExpandableAboutViewHandler.swift; path = ../Controller/ExpandableAboutViewHandler.swift; sourceTree = "<group>"; };
		D9F9C7E01B644EBA00F5C17D /* savedCodeForLater */ = {isa = PBXFileReference; fileEncoding = 4; lastKnownFileType = text; path = savedCodeForLater; sourceTree = "<group>"; };
		D9F9C7E31B645FE300F5C17D /* NanumBarunGothic.otf */ = {isa = PBXFileReference; lastKnownFileType = file; path = NanumBarunGothic.otf; sourceTree = "<group>"; };
		D9F9C7E41B645FE300F5C17D /* NanumBarunGothicBold.otf */ = {isa = PBXFileReference; lastKnownFileType = file; path = NanumBarunGothicBold.otf; sourceTree = "<group>"; };
		D9F9C7E91B64873800F5C17D /* LeftNavDrawerController.swift */ = {isa = PBXFileReference; fileEncoding = 4; lastKnownFileType = sourcecode.swift; path = LeftNavDrawerController.swift; sourceTree = "<group>"; };
/* End PBXFileReference section */

/* Begin PBXFrameworksBuildPhase section */
		D9D3CDE41B3F20EF00C8E195 /* Frameworks */ = {
			isa = PBXFrameworksBuildPhase;
			buildActionMask = 2147483647;
			files = (
				D90A08271BB5D5810033DD6B /* libxml2.2.tbd in Frameworks */,
				615C54D683ACF2345564DCC8 /* Pods_In2_PI_Swift.framework in Frameworks */,
			);
			runOnlyForDeploymentPostprocessing = 0;
		};
		D9D3CDF91B3F20EF00C8E195 /* Frameworks */ = {
			isa = PBXFrameworksBuildPhase;
			buildActionMask = 2147483647;
			files = (
			);
			runOnlyForDeploymentPostprocessing = 0;
		};
/* End PBXFrameworksBuildPhase section */

/* Begin PBXGroup section */
		5B7163E0C1D511FACCFD241C /* Pods */ = {
			isa = PBXGroup;
			children = (
				15F9BC9F44944956571DAF7B /* Pods-In2-PI-Swift.debug.xcconfig */,
				24E64E21CAF4188A4E4E9D5B /* Pods-In2-PI-Swift.release.xcconfig */,
			);
			name = Pods;
			sourceTree = "<group>";
		};
		A278F71670A4FDDB3D2DE747 /* Frameworks */ = {
			isa = PBXGroup;
			children = (
				D90A08261BB5D5810033DD6B /* libxml2.2.tbd */,
				54D9D85A29F7F171A635D2C8 /* Pods_In2_PI_Swift.framework */,
			);
			name = Frameworks;
			sourceTree = "<group>";
		};
		D90A081C1BB5D4BD0033DD6B /* Hpple */ = {
			isa = PBXGroup;
			children = (
				D90A081D1BB5D4BD0033DD6B /* TFHpple.h */,
				D90A081E1BB5D4BD0033DD6B /* TFHpple.m */,
				D90A081F1BB5D4BD0033DD6B /* TFHppleElement.h */,
				D90A08201BB5D4BD0033DD6B /* TFHppleElement.m */,
				D90A08211BB5D4BD0033DD6B /* XPathQuery.h */,
				D90A08221BB5D4BD0033DD6B /* XPathQuery.m */,
			);
			name = Hpple;
			path = Classes;
			sourceTree = "<group>";
		};
		D910DD861BADFE2800E8A99F /* Facebook Objects */ = {
			isa = PBXGroup;
			children = (
				D95EC5221B978C0A00782925 /* Facebook Query */,
				D9F7F4851B93687700D86FF7 /* FBPhoto.swift */,
				D95EC5251B978E6400782925 /* FBFeedArticle.swift */,
			);
			name = "Facebook Objects";
			sourceTree = "<group>";
		};
		D95EC5221B978C0A00782925 /* Facebook Query */ = {
			isa = PBXGroup;
			children = (
				D99EF24E1B9F59FD00026D66 /* FacebookQuery.swift */,
				D95EC5231B978DF000782925 /* FacebookFeedQuery.swift */,
				D9F7F4801B93547600D86FF7 /* FacebookPhotoQuery.swift */,
			);
			name = "Facebook Query";
			sourceTree = "<group>";
		};
		D95EC5271B97961200782925 /* Extensions */ = {
			isa = PBXGroup;
			children = (
				D9BE263C1B64A1B700C3BA7D /* UIColorExtension.swift */,
				D95EC5281B97963000782925 /* StringExtension.swift */,
			);
			path = Extensions;
			sourceTree = "<group>";
		};
		D97839801BF9304700E4A834 /* Authentication */ = {
			isa = PBXGroup;
			children = (
				D92B56341BD5C8930085208F /* LoginViewController.swift */,
				D97839811BF9305B00E4A834 /* SignUpViewController.swift */,
			);
			name = Authentication;
			sourceTree = "<group>";
		};
		D980D6F31B9BDAFC001058E9 /* Five Boros Controllers */ = {
			isa = PBXGroup;
			children = (
				D90A7B091B924256003EA693 /* ParentViewController.swift */,
				D92295941B9BF87000C34A66 /* WorshipViewController.swift */,
				D90A7AFB1B923F13003EA693 /* NurtureViewController.swift */,
				D90A7AFF1B9240EC003EA693 /* CommunicationsViewController.swift */,
				D90A7B031B92413F003EA693 /* EvangelismViewController.swift */,
				D90A7B011B924135003EA693 /* SocialServicesViewController.swift */,
			);
			name = "Five Boros Controllers";
			sourceTree = "<group>";
		};
		D980D6F41B9BDB1B001058E9 /* Other Controllers */ = {
			isa = PBXGroup;
			children = (
				D90A7B051B92415D003EA693 /* AboutPIViewControlller.swift */,
				D90A7B071B924164003EA693 /* GalleryViewController.swift */,
			);
			name = "Other Controllers";
			sourceTree = "<group>";
		};
		D98FEFAE1B9C0723003614A7 /* Fonts */ = {
			isa = PBXGroup;
			children = (
				D9B34A221B77840700590DFB /* NanumBarunGothicLight.otf */,
				D9B34A231B77840700590DFB /* NanumBarunGothicUltraLight.otf */,
				D9F9C7E31B645FE300F5C17D /* NanumBarunGothic.otf */,
				D9F9C7E41B645FE300F5C17D /* NanumBarunGothicBold.otf */,
			);
			path = Fonts;
			sourceTree = "<group>";
		};
		D99991AA1BB1CFDF0022EF10 /* Custom Cells */ = {
			isa = PBXGroup;
			children = (
				D97C16971BAA3E990095CB0A /* CommunicationsTableViewCell.swift */,
				D97C16981BAA3E990095CB0A /* CommunicationsTableViewCell.xib */,
				D9F7F4821B935DFA00D86FF7 /* GalleryCell.swift */,
			);
			name = "Custom Cells";
			sourceTree = "<group>";
		};
		D9B549A51B76D7FB00BF4887 /* SWRevealViewController */ = {
			isa = PBXGroup;
			children = (
				D9B549A61B76D7FB00BF4887 /* SWRevealViewController.h */,
				D9B549A71B76D7FB00BF4887 /* SWRevealViewController.m */,
			);
			path = SWRevealViewController;
			sourceTree = "<group>";
		};
		D9C756411BA0C2EB00EC22CF /* Custom Widgets */ = {
			isa = PBXGroup;
			children = (
				D9C7563F1BA0C2C800EC22CF /* ExpandableAboutView.swift */,
				D9C7563D1BA0C2A000EC22CF /* ExpandableAboutView.xib */,
				D9F8C4771BA4CFF800881B94 /* ExpandableAboutViewHandler.swift */,
				D9965A7F1B9E5DB600AB4A74 /* NewsArticleView.swift */,
				D9965A7D1B9E5A3600AB4A74 /* NewsArticleView.xib */,
				D98FEFB11B9C0C65003614A7 /* ApplyWidgetView.swift */,
				D98FEFB31B9C0C8E003614A7 /* ApplyWidgetView.xib */,
				D9F8C46F1BA4BE4300881B94 /* TodaysQTWidget.swift */,
				D9F8C4751BA4C33200881B94 /* TodaysQTWidget.xib */,
				D9DA04791BA5B69100F434F4 /* EvangelismApplyWidgetView.swift */,
				D9DA04771BA5B68600F434F4 /* EvangelismApplyWidgetView.xib */,
			);
			name = "Custom Widgets";
			sourceTree = "<group>";
		};
		D9C756421BA0C2F300EC22CF /* Components */ = {
			isa = PBXGroup;
			children = (
				D9965A781B9E1D6800AB4A74 /* PaddedLabel.swift */,
				D9B34A201B76F6BB00590DFB /* HomeScreenPurpleButton.swift */,
			);
			name = Components;
			sourceTree = "<group>";
		};
		D9D3CDDE1B3F20EF00C8E195 = {
			isa = PBXGroup;
			children = (
				D9D3CDE91B3F20EF00C8E195 /* In2-PI-Swift */,
				D9D3CDFF1B3F20EF00C8E195 /* In2-PI-SwiftTests */,
				D9D3CDE81B3F20EF00C8E195 /* Products */,
				5B7163E0C1D511FACCFD241C /* Pods */,
				A278F71670A4FDDB3D2DE747 /* Frameworks */,
			);
			sourceTree = "<group>";
		};
		D9D3CDE81B3F20EF00C8E195 /* Products */ = {
			isa = PBXGroup;
			children = (
				D9D3CDE71B3F20EF00C8E195 /* In2-PI-Swift.app */,
				D9D3CDFC1B3F20EF00C8E195 /* In2-PI-SwiftTests.xctest */,
			);
			name = Products;
			sourceTree = "<group>";
		};
		D9D3CDE91B3F20EF00C8E195 /* In2-PI-Swift */ = {
			isa = PBXGroup;
			children = (
				D9D3CDEC1B3F20EF00C8E195 /* AppDelegate.swift */,
				D952B17A1B5EF5330089116C /* Constants.swift */,
				D9D3CDF01B3F20EF00C8E195 /* Main.storyboard */,
				D9D3CDF31B3F20EF00C8E195 /* Images.xcassets */,
				D9F7F4841B93684F00D86FF7 /* Model */,
				D9DA87E71B6DC05C005D4CB6 /* View */,
				D9DA87E81B6DC063005D4CB6 /* Controller */,
				D95EC5271B97961200782925 /* Extensions */,
				D9FB031E1B6495C3001D813D /* Terry References */,
				D9F7F47F1B93544400D86FF7 /* Third Party */,
				D9F9C7E21B645FD100F5C17D /* Resources */,
				D9D3CDEA1B3F20EF00C8E195 /* Supporting Files */,
			);
			path = "In2-PI-Swift";
			sourceTree = "<group>";
		};
		D9D3CDEA1B3F20EF00C8E195 /* Supporting Files */ = {
			isa = PBXGroup;
			children = (
				D9D3CDEB1B3F20EF00C8E195 /* Info.plist */,
				D9713E8B1B5ED166009D809A /* In2-PI-Swift-Bridging-Header.h */,
				D9D3CE1B1B3F338D00C8E195 /* Localizable.strings */,
				D9D3CE141B3F309C00C8E195 /* InfoPlist.strings */,
			);
			name = "Supporting Files";
			sourceTree = "<group>";
		};
		D9D3CDFF1B3F20EF00C8E195 /* In2-PI-SwiftTests */ = {
			isa = PBXGroup;
			children = (
				D9D3CE021B3F20EF00C8E195 /* In2_PI_SwiftTests.swift */,
				D9D3CE001B3F20EF00C8E195 /* Supporting Files */,
			);
			path = "In2-PI-SwiftTests";
			sourceTree = "<group>";
		};
		D9D3CE001B3F20EF00C8E195 /* Supporting Files */ = {
			isa = PBXGroup;
			children = (
				D9D3CE011B3F20EF00C8E195 /* Info.plist */,
			);
			name = "Supporting Files";
			sourceTree = "<group>";
		};
		D9DA87E71B6DC05C005D4CB6 /* View */ = {
			isa = PBXGroup;
			children = (
				D99991AA1BB1CFDF0022EF10 /* Custom Cells */,
				D9C756411BA0C2EB00EC22CF /* Custom Widgets */,
				D9C756421BA0C2F300EC22CF /* Components */,
			);
			path = View;
			sourceTree = "<group>";
		};
		D9DA87E81B6DC063005D4CB6 /* Controller */ = {
			isa = PBXGroup;
			children = (
				D97839801BF9304700E4A834 /* Authentication */,
				D9F9C7E91B64873800F5C17D /* LeftNavDrawerController.swift */,
				D90A7AFD1B92406F003EA693 /* HomeScreenViewController.swift */,
				D980D6F31B9BDAFC001058E9 /* Five Boros Controllers */,
				D980D6F41B9BDB1B001058E9 /* Other Controllers */,
			);
			path = Controller;
			sourceTree = "<group>";
		};
		D9F7F47F1B93544400D86FF7 /* Third Party */ = {
			isa = PBXGroup;
			children = (
				D90A081C1BB5D4BD0033DD6B /* Hpple */,
				D9B549A51B76D7FB00BF4887 /* SWRevealViewController */,
			);
			name = "Third Party";
			path = Vendor;
			sourceTree = "<group>";
		};
		D9F7F4841B93684F00D86FF7 /* Model */ = {
			isa = PBXGroup;
			children = (
				D910DD861BADFE2800E8A99F /* Facebook Objects */,
				D910DD871BADFF2500E8A99F /* WeeklyProgram.swift */,
				D99991A61BB1AF0E0022EF10 /* WeeklyProgramDownloader.swift */,
				D9EF135E1BAA44B4006D7F78 /* CustomDateFormatter.swift */,
				D99991A81BB1BEF90022EF10 /* HttpFileDownloader.swift */,
			);
			path = Model;
			sourceTree = "<group>";
		};
		D9F9C7E21B645FD100F5C17D /* Resources */ = {
			isa = PBXGroup;
			children = (
				D9D3CDF51B3F20EF00C8E195 /* LaunchScreen.xib */,
				D98FEFAE1B9C0723003614A7 /* Fonts */,
				D9B9B5781B4B1B0000DA476E /* splashScreen.mp4 */,
			);
			path = Resources;
			sourceTree = "<group>";
		};
		D9FB031E1B6495C3001D813D /* Terry References */ = {
			isa = PBXGroup;
			children = (
				D9D7C5581B82CFE4003E48EA /* todolist.txt */,
				D952B17C1B5EF5CA0089116C /* HideKey.swift */,
				D9D3CE1D1B3F372F00C8E195 /* ListOfExternalLinks.strings */,
				D9F9C7E01B644EBA00F5C17D /* savedCodeForLater */,
				D9D3CE201B3F4B1E00C8E195 /* HomeActionCollectionViewCell.swift */,
			);
			path = "Terry References";
			sourceTree = "<group>";
		};
/* End PBXGroup section */

/* Begin PBXNativeTarget section */
		D9D3CDE61B3F20EF00C8E195 /* In2-PI-Swift */ = {
			isa = PBXNativeTarget;
			buildConfigurationList = D9D3CE061B3F20EF00C8E195 /* Build configuration list for PBXNativeTarget "In2-PI-Swift" */;
			buildPhases = (
				C3C4FCB0C903BE8F36E7012C /* Check Pods Manifest.lock */,
				D9D3CDE31B3F20EF00C8E195 /* Sources */,
				D9D3CDE41B3F20EF00C8E195 /* Frameworks */,
				D9D3CDE51B3F20EF00C8E195 /* Resources */,
				5D5C7C803548D63F988EE20F /* Copy Pods Resources */,
				35D28ABFAEF769E686FECDB5 /* Embed Pods Frameworks */,
			);
			buildRules = (
			);
			dependencies = (
			);
			name = "In2-PI-Swift";
			productName = "In2-PI-Swift";
			productReference = D9D3CDE71B3F20EF00C8E195 /* In2-PI-Swift.app */;
			productType = "com.apple.product-type.application";
		};
		D9D3CDFB1B3F20EF00C8E195 /* In2-PI-SwiftTests */ = {
			isa = PBXNativeTarget;
			buildConfigurationList = D9D3CE091B3F20EF00C8E195 /* Build configuration list for PBXNativeTarget "In2-PI-SwiftTests" */;
			buildPhases = (
				D9D3CDF81B3F20EF00C8E195 /* Sources */,
				D9D3CDF91B3F20EF00C8E195 /* Frameworks */,
				D9D3CDFA1B3F20EF00C8E195 /* Resources */,
			);
			buildRules = (
			);
			dependencies = (
				D9D3CDFE1B3F20EF00C8E195 /* PBXTargetDependency */,
			);
			name = "In2-PI-SwiftTests";
			productName = "In2-PI-SwiftTests";
			productReference = D9D3CDFC1B3F20EF00C8E195 /* In2-PI-SwiftTests.xctest */;
			productType = "com.apple.product-type.bundle.unit-test";
		};
/* End PBXNativeTarget section */

/* Begin PBXProject section */
		D9D3CDDF1B3F20EF00C8E195 /* Project object */ = {
			isa = PBXProject;
			attributes = {
				LastSwiftMigration = 0700;
				LastSwiftUpdateCheck = 0700;
				LastUpgradeCheck = 0700;
				ORGANIZATIONNAME = "Terry Bu";
				TargetAttributes = {
					D9D3CDE61B3F20EF00C8E195 = {
						CreatedOnToolsVersion = 6.3.2;
						DevelopmentTeam = JJ62WG39RU;
					};
					D9D3CDFB1B3F20EF00C8E195 = {
						CreatedOnToolsVersion = 6.3.2;
						TestTargetID = D9D3CDE61B3F20EF00C8E195;
					};
				};
			};
			buildConfigurationList = D9D3CDE21B3F20EF00C8E195 /* Build configuration list for PBXProject "In2-PI-Swift" */;
			compatibilityVersion = "Xcode 3.2";
			developmentRegion = English;
			hasScannedForEncodings = 0;
			knownRegions = (
				en,
				Base,
				ko,
			);
			mainGroup = D9D3CDDE1B3F20EF00C8E195;
			productRefGroup = D9D3CDE81B3F20EF00C8E195 /* Products */;
			projectDirPath = "";
			projectRoot = "";
			targets = (
				D9D3CDE61B3F20EF00C8E195 /* In2-PI-Swift */,
				D9D3CDFB1B3F20EF00C8E195 /* In2-PI-SwiftTests */,
			);
		};
/* End PBXProject section */

/* Begin PBXResourcesBuildPhase section */
		D9D3CDE51B3F20EF00C8E195 /* Resources */ = {
			isa = PBXResourcesBuildPhase;
			buildActionMask = 2147483647;
			files = (
				D98FEFB01B9C077F003614A7 /* Main.storyboard in Resources */,
				D9D3CE1E1B3F372F00C8E195 /* ListOfExternalLinks.strings in Resources */,
				D9C7563E1BA0C2A000EC22CF /* ExpandableAboutView.xib in Resources */,
				D9965A7E1B9E5A3600AB4A74 /* NewsArticleView.xib in Resources */,
				D9D7C5591B82CFE4003E48EA /* todolist.txt in Resources */,
				D9F9C7E51B645FE300F5C17D /* NanumBarunGothic.otf in Resources */,
				D9B34A251B77840700590DFB /* NanumBarunGothicUltraLight.otf in Resources */,
				D9D3CE191B3F338D00C8E195 /* Localizable.strings in Resources */,
				D98FEFB41B9C0C8E003614A7 /* ApplyWidgetView.xib in Resources */,
				D9B9B5791B4B1B0000DA476E /* splashScreen.mp4 in Resources */,
				D9F8C4761BA4C33200881B94 /* TodaysQTWidget.xib in Resources */,
				D9F9C7E61B645FE300F5C17D /* NanumBarunGothicBold.otf in Resources */,
				D97C169A1BAA3E990095CB0A /* CommunicationsTableViewCell.xib in Resources */,
				D9B34A241B77840700590DFB /* NanumBarunGothicLight.otf in Resources */,
				D9D3CE121B3F309C00C8E195 /* InfoPlist.strings in Resources */,
				D9F9C7E11B644EBA00F5C17D /* savedCodeForLater in Resources */,
				D9D3CDF41B3F20EF00C8E195 /* Images.xcassets in Resources */,
				D9DA04781BA5B68600F434F4 /* EvangelismApplyWidgetView.xib in Resources */,
			);
			runOnlyForDeploymentPostprocessing = 0;
		};
		D9D3CDFA1B3F20EF00C8E195 /* Resources */ = {
			isa = PBXResourcesBuildPhase;
			buildActionMask = 2147483647;
			files = (
			);
			runOnlyForDeploymentPostprocessing = 0;
		};
/* End PBXResourcesBuildPhase section */

/* Begin PBXShellScriptBuildPhase section */
		35D28ABFAEF769E686FECDB5 /* Embed Pods Frameworks */ = {
			isa = PBXShellScriptBuildPhase;
			buildActionMask = 2147483647;
			files = (
			);
			inputPaths = (
			);
			name = "Embed Pods Frameworks";
			outputPaths = (
			);
			runOnlyForDeploymentPostprocessing = 0;
			shellPath = /bin/sh;
			shellScript = "\"${SRCROOT}/Pods/Target Support Files/Pods-In2-PI-Swift/Pods-In2-PI-Swift-frameworks.sh\"\n";
			showEnvVarsInLog = 0;
		};
		5D5C7C803548D63F988EE20F /* Copy Pods Resources */ = {
			isa = PBXShellScriptBuildPhase;
			buildActionMask = 2147483647;
			files = (
			);
			inputPaths = (
			);
			name = "Copy Pods Resources";
			outputPaths = (
			);
			runOnlyForDeploymentPostprocessing = 0;
			shellPath = /bin/sh;
			shellScript = "\"${SRCROOT}/Pods/Target Support Files/Pods-In2-PI-Swift/Pods-In2-PI-Swift-resources.sh\"\n";
			showEnvVarsInLog = 0;
		};
		C3C4FCB0C903BE8F36E7012C /* Check Pods Manifest.lock */ = {
			isa = PBXShellScriptBuildPhase;
			buildActionMask = 2147483647;
			files = (
			);
			inputPaths = (
			);
			name = "Check Pods Manifest.lock";
			outputPaths = (
			);
			runOnlyForDeploymentPostprocessing = 0;
			shellPath = /bin/sh;
			shellScript = "diff \"${PODS_ROOT}/../Podfile.lock\" \"${PODS_ROOT}/Manifest.lock\" > /dev/null\nif [[ $? != 0 ]] ; then\n    cat << EOM\nerror: The sandbox is not in sync with the Podfile.lock. Run 'pod install' or update your CocoaPods installation.\nEOM\n    exit 1\nfi\n";
			showEnvVarsInLog = 0;
		};
/* End PBXShellScriptBuildPhase section */

/* Begin PBXSourcesBuildPhase section */
		D9D3CDE31B3F20EF00C8E195 /* Sources */ = {
			isa = PBXSourcesBuildPhase;
			buildActionMask = 2147483647;
			files = (
				D90A08241BB5D4BD0033DD6B /* TFHppleElement.m in Sources */,
				D9965A791B9E1D6800AB4A74 /* PaddedLabel.swift in Sources */,
				D9965A801B9E5DB600AB4A74 /* NewsArticleView.swift in Sources */,
				D99991A71BB1AF0E0022EF10 /* WeeklyProgramDownloader.swift in Sources */,
				D952B17D1B5EF5CA0089116C /* HideKey.swift in Sources */,
				D92295951B9BF87000C34A66 /* WorshipViewController.swift in Sources */,
				D90A7B0A1B924256003EA693 /* ParentViewController.swift in Sources */,
				D90A7B061B92415D003EA693 /* AboutPIViewControlller.swift in Sources */,
				D97839821BF9305B00E4A834 /* SignUpViewController.swift in Sources */,
				D9C756401BA0C2C800EC22CF /* ExpandableAboutView.swift in Sources */,
				D95EC5241B978DF000782925 /* FacebookFeedQuery.swift in Sources */,
				D98FEFB21B9C0C65003614A7 /* ApplyWidgetView.swift in Sources */,
				D9BE263D1B64A1B700C3BA7D /* UIColorExtension.swift in Sources */,
				D9B34A211B76F6BB00590DFB /* HomeScreenPurpleButton.swift in Sources */,
				D90A7B081B924164003EA693 /* GalleryViewController.swift in Sources */,
				D9F9C7EA1B64873800F5C17D /* LeftNavDrawerController.swift in Sources */,
				D910DD881BADFF2500E8A99F /* WeeklyProgram.swift in Sources */,
				D90A7AFE1B92406F003EA693 /* HomeScreenViewController.swift in Sources */,
				D9F8C4701BA4BE4300881B94 /* TodaysQTWidget.swift in Sources */,
				D9B549A81B76D7FB00BF4887 /* SWRevealViewController.m in Sources */,
				D90A7AFC1B923F13003EA693 /* NurtureViewController.swift in Sources */,
				D9D3CDED1B3F20EF00C8E195 /* AppDelegate.swift in Sources */,
				D99EF24F1B9F59FD00026D66 /* FacebookQuery.swift in Sources */,
				D90A08231BB5D4BD0033DD6B /* TFHpple.m in Sources */,
				D9F8C4781BA4CFF800881B94 /* ExpandableAboutViewHandler.swift in Sources */,
				D9EF135F1BAA44B4006D7F78 /* CustomDateFormatter.swift in Sources */,
				D90A7B041B92413F003EA693 /* EvangelismViewController.swift in Sources */,
				D90A7B021B924135003EA693 /* SocialServicesViewController.swift in Sources */,
				D90A7B001B9240EC003EA693 /* CommunicationsViewController.swift in Sources */,
				D92B56351BD5C8930085208F /* LoginViewController.swift in Sources */,
				D99991A91BB1BEF90022EF10 /* HttpFileDownloader.swift in Sources */,
				D9F7F4861B93687700D86FF7 /* FBPhoto.swift in Sources */,
				D97C16991BAA3E990095CB0A /* CommunicationsTableViewCell.swift in Sources */,
				D9F7F4831B935DFA00D86FF7 /* GalleryCell.swift in Sources */,
				D9F7F4811B93547600D86FF7 /* FacebookPhotoQuery.swift in Sources */,
				D9D3CE211B3F4B1E00C8E195 /* HomeActionCollectionViewCell.swift in Sources */,
				D90A08251BB5D4BD0033DD6B /* XPathQuery.m in Sources */,
				D95EC5261B978E6400782925 /* FBFeedArticle.swift in Sources */,
				D95EC5291B97963000782925 /* StringExtension.swift in Sources */,
				D952B17B1B5EF5330089116C /* Constants.swift in Sources */,
				D9DA047A1BA5B69100F434F4 /* EvangelismApplyWidgetView.swift in Sources */,
			);
			runOnlyForDeploymentPostprocessing = 0;
		};
		D9D3CDF81B3F20EF00C8E195 /* Sources */ = {
			isa = PBXSourcesBuildPhase;
			buildActionMask = 2147483647;
			files = (
				D9D3CE031B3F20EF00C8E195 /* In2_PI_SwiftTests.swift in Sources */,
			);
			runOnlyForDeploymentPostprocessing = 0;
		};
/* End PBXSourcesBuildPhase section */

/* Begin PBXTargetDependency section */
		D9D3CDFE1B3F20EF00C8E195 /* PBXTargetDependency */ = {
			isa = PBXTargetDependency;
			target = D9D3CDE61B3F20EF00C8E195 /* In2-PI-Swift */;
			targetProxy = D9D3CDFD1B3F20EF00C8E195 /* PBXContainerItemProxy */;
		};
/* End PBXTargetDependency section */

/* Begin PBXVariantGroup section */
		D9D3CDF01B3F20EF00C8E195 /* Main.storyboard */ = {
			isa = PBXVariantGroup;
			children = (
				D9D3CDF11B3F20EF00C8E195 /* Base */,
				D9D3CE101B3F307F00C8E195 /* ko */,
			);
			name = Main.storyboard;
			sourceTree = "<group>";
		};
		D9D3CDF51B3F20EF00C8E195 /* LaunchScreen.xib */ = {
			isa = PBXVariantGroup;
			children = (
				D9D3CDF61B3F20EF00C8E195 /* Base */,
				D9D3CE111B3F307F00C8E195 /* ko */,
			);
			name = LaunchScreen.xib;
			path = "In2-PI-Swift";
			sourceTree = SOURCE_ROOT;
		};
		D9D3CE141B3F309C00C8E195 /* InfoPlist.strings */ = {
			isa = PBXVariantGroup;
			children = (
				D9D3CE151B3F30A700C8E195 /* en */,
				D9D3CE161B3F30A800C8E195 /* ko */,
			);
			name = InfoPlist.strings;
			sourceTree = "<group>";
		};
		D9D3CE1B1B3F338D00C8E195 /* Localizable.strings */ = {
			isa = PBXVariantGroup;
			children = (
				D9D3CE1A1B3F338D00C8E195 /* en */,
				D9D3CE1C1B3F339200C8E195 /* ko */,
			);
			name = Localizable.strings;
			sourceTree = "<group>";
		};
/* End PBXVariantGroup section */

/* Begin XCBuildConfiguration section */
		D9D3CE041B3F20EF00C8E195 /* Debug */ = {
			isa = XCBuildConfiguration;
			buildSettings = {
				ALWAYS_SEARCH_USER_PATHS = NO;
				CLANG_CXX_LANGUAGE_STANDARD = "gnu++0x";
				CLANG_CXX_LIBRARY = "libc++";
				CLANG_ENABLE_MODULES = YES;
				CLANG_ENABLE_OBJC_ARC = YES;
				CLANG_WARN_BOOL_CONVERSION = YES;
				CLANG_WARN_CONSTANT_CONVERSION = YES;
				CLANG_WARN_DIRECT_OBJC_ISA_USAGE = YES_ERROR;
				CLANG_WARN_EMPTY_BODY = YES;
				CLANG_WARN_ENUM_CONVERSION = YES;
				CLANG_WARN_INT_CONVERSION = YES;
				CLANG_WARN_OBJC_ROOT_CLASS = YES_ERROR;
				CLANG_WARN_UNREACHABLE_CODE = YES;
				CLANG_WARN__DUPLICATE_METHOD_MATCH = YES;
				"CODE_SIGN_IDENTITY[sdk=iphoneos*]" = "iPhone Developer";
				COPY_PHASE_STRIP = NO;
				DEBUG_INFORMATION_FORMAT = "dwarf-with-dsym";
				DEFINES_MODULE = YES;
				ENABLE_STRICT_OBJC_MSGSEND = YES;
				ENABLE_TESTABILITY = YES;
				GCC_C_LANGUAGE_STANDARD = gnu99;
				GCC_DYNAMIC_NO_PIC = NO;
				GCC_NO_COMMON_BLOCKS = YES;
				GCC_OPTIMIZATION_LEVEL = 0;
				GCC_PREPROCESSOR_DEFINITIONS = (
					"DEBUG=1",
					"$(inherited)",
				);
				GCC_SYMBOLS_PRIVATE_EXTERN = NO;
				GCC_WARN_64_TO_32_BIT_CONVERSION = YES;
				GCC_WARN_ABOUT_RETURN_TYPE = YES_ERROR;
				GCC_WARN_UNDECLARED_SELECTOR = YES;
				GCC_WARN_UNINITIALIZED_AUTOS = YES_AGGRESSIVE;
				GCC_WARN_UNUSED_FUNCTION = YES;
				GCC_WARN_UNUSED_VARIABLE = YES;
				IPHONEOS_DEPLOYMENT_TARGET = 8.4;
				MTL_ENABLE_DEBUG_INFO = YES;
				ONLY_ACTIVE_ARCH = YES;
				SDKROOT = iphoneos;
				SWIFT_OPTIMIZATION_LEVEL = "-Onone";
				TARGETED_DEVICE_FAMILY = "1,2";
			};
			name = Debug;
		};
		D9D3CE051B3F20EF00C8E195 /* Release */ = {
			isa = XCBuildConfiguration;
			buildSettings = {
				ALWAYS_SEARCH_USER_PATHS = NO;
				CLANG_CXX_LANGUAGE_STANDARD = "gnu++0x";
				CLANG_CXX_LIBRARY = "libc++";
				CLANG_ENABLE_MODULES = YES;
				CLANG_ENABLE_OBJC_ARC = YES;
				CLANG_WARN_BOOL_CONVERSION = YES;
				CLANG_WARN_CONSTANT_CONVERSION = YES;
				CLANG_WARN_DIRECT_OBJC_ISA_USAGE = YES_ERROR;
				CLANG_WARN_EMPTY_BODY = YES;
				CLANG_WARN_ENUM_CONVERSION = YES;
				CLANG_WARN_INT_CONVERSION = YES;
				CLANG_WARN_OBJC_ROOT_CLASS = YES_ERROR;
				CLANG_WARN_UNREACHABLE_CODE = YES;
				CLANG_WARN__DUPLICATE_METHOD_MATCH = YES;
				"CODE_SIGN_IDENTITY[sdk=iphoneos*]" = "iPhone Developer";
				COPY_PHASE_STRIP = NO;
				DEBUG_INFORMATION_FORMAT = "dwarf-with-dsym";
				DEFINES_MODULE = YES;
				ENABLE_NS_ASSERTIONS = NO;
				ENABLE_STRICT_OBJC_MSGSEND = YES;
				GCC_C_LANGUAGE_STANDARD = gnu99;
				GCC_NO_COMMON_BLOCKS = YES;
				GCC_WARN_64_TO_32_BIT_CONVERSION = YES;
				GCC_WARN_ABOUT_RETURN_TYPE = YES_ERROR;
				GCC_WARN_UNDECLARED_SELECTOR = YES;
				GCC_WARN_UNINITIALIZED_AUTOS = YES_AGGRESSIVE;
				GCC_WARN_UNUSED_FUNCTION = YES;
				GCC_WARN_UNUSED_VARIABLE = YES;
				IPHONEOS_DEPLOYMENT_TARGET = 8.4;
				MTL_ENABLE_DEBUG_INFO = NO;
				SDKROOT = iphoneos;
				TARGETED_DEVICE_FAMILY = "1,2";
				VALIDATE_PRODUCT = YES;
			};
			name = Release;
		};
		D9D3CE071B3F20EF00C8E195 /* Debug */ = {
			isa = XCBuildConfiguration;
			baseConfigurationReference = 15F9BC9F44944956571DAF7B /* Pods-In2-PI-Swift.debug.xcconfig */;
			buildSettings = {
				ASSETCATALOG_COMPILER_APPICON_NAME = AppIcon;
				CLANG_ENABLE_MODULES = YES;
				CODE_SIGN_IDENTITY = "iPhone Developer";
				HEADER_SEARCH_PATHS = "$(SDKROOT)/usr/include/libxml2";
				INFOPLIST_FILE = "In2-PI-Swift/Info.plist";
				LD_RUNPATH_SEARCH_PATHS = "$(inherited) @executable_path/Frameworks";
				OTHER_SWIFT_FLAGS = "$(inherited) \"-D\" \"COCOAPODS\" \"-DDEBUG\"";
				PRODUCT_BUNDLE_IDENTIFIER = "com.terrybu.$(PRODUCT_NAME:rfc1034identifier)";
				PRODUCT_NAME = "$(TARGET_NAME)";
				SWIFT_OBJC_BRIDGING_HEADER = "In2-PI-Swift/In2-PI-Swift-Bridging-Header.h";
				SWIFT_OPTIMIZATION_LEVEL = "-Onone";
				TARGETED_DEVICE_FAMILY = 1;
			};
			name = Debug;
		};
		D9D3CE081B3F20EF00C8E195 /* Release */ = {
			isa = XCBuildConfiguration;
			baseConfigurationReference = 24E64E21CAF4188A4E4E9D5B /* Pods-In2-PI-Swift.release.xcconfig */;
			buildSettings = {
				ASSETCATALOG_COMPILER_APPICON_NAME = AppIcon;
				CLANG_ENABLE_MODULES = YES;
				CODE_SIGN_IDENTITY = "iPhone Developer";
				HEADER_SEARCH_PATHS = "$(SDKROOT)/usr/include/libxml2";
				INFOPLIST_FILE = "In2-PI-Swift/Info.plist";
				LD_RUNPATH_SEARCH_PATHS = "$(inherited) @executable_path/Frameworks";
				OTHER_SWIFT_FLAGS = "$(inherited) \"-D\" \"COCOAPODS\" \"-DRELEASE\"";
				PRODUCT_BUNDLE_IDENTIFIER = "com.terrybu.$(PRODUCT_NAME:rfc1034identifier)";
				PRODUCT_NAME = "$(TARGET_NAME)";
				SWIFT_OBJC_BRIDGING_HEADER = "In2-PI-Swift/In2-PI-Swift-Bridging-Header.h";
				TARGETED_DEVICE_FAMILY = 1;
			};
			name = Release;
		};
		D9D3CE0A1B3F20EF00C8E195 /* Debug */ = {
			isa = XCBuildConfiguration;
			buildSettings = {
				BUNDLE_LOADER = "$(TEST_HOST)";
				FRAMEWORK_SEARCH_PATHS = (
					"$(SDKROOT)/Developer/Library/Frameworks",
					"$(inherited)",
				);
				GCC_PREPROCESSOR_DEFINITIONS = (
					"DEBUG=1",
					"$(inherited)",
				);
				INFOPLIST_FILE = "In2-PI-SwiftTests/Info.plist";
				LD_RUNPATH_SEARCH_PATHS = "$(inherited) @executable_path/Frameworks @loader_path/Frameworks";
				PRODUCT_BUNDLE_IDENTIFIER = "com.terrybu.$(PRODUCT_NAME:rfc1034identifier)";
				PRODUCT_NAME = "$(TARGET_NAME)";
				TEST_HOST = "$(BUILT_PRODUCTS_DIR)/In2-PI-Swift.app/In2-PI-Swift";
			};
			name = Debug;
		};
		D9D3CE0B1B3F20EF00C8E195 /* Release */ = {
			isa = XCBuildConfiguration;
			buildSettings = {
				BUNDLE_LOADER = "$(TEST_HOST)";
				FRAMEWORK_SEARCH_PATHS = (
					"$(SDKROOT)/Developer/Library/Frameworks",
					"$(inherited)",
				);
				INFOPLIST_FILE = "In2-PI-SwiftTests/Info.plist";
				LD_RUNPATH_SEARCH_PATHS = "$(inherited) @executable_path/Frameworks @loader_path/Frameworks";
				PRODUCT_BUNDLE_IDENTIFIER = "com.terrybu.$(PRODUCT_NAME:rfc1034identifier)";
				PRODUCT_NAME = "$(TARGET_NAME)";
				TEST_HOST = "$(BUILT_PRODUCTS_DIR)/In2-PI-Swift.app/In2-PI-Swift";
			};
			name = Release;
		};
/* End XCBuildConfiguration section */

/* Begin XCConfigurationList section */
		D9D3CDE21B3F20EF00C8E195 /* Build configuration list for PBXProject "In2-PI-Swift" */ = {
			isa = XCConfigurationList;
			buildConfigurations = (
				D9D3CE041B3F20EF00C8E195 /* Debug */,
				D9D3CE051B3F20EF00C8E195 /* Release */,
			);
			defaultConfigurationIsVisible = 0;
			defaultConfigurationName = Release;
		};
		D9D3CE061B3F20EF00C8E195 /* Build configuration list for PBXNativeTarget "In2-PI-Swift" */ = {
			isa = XCConfigurationList;
			buildConfigurations = (
				D9D3CE071B3F20EF00C8E195 /* Debug */,
				D9D3CE081B3F20EF00C8E195 /* Release */,
			);
			defaultConfigurationIsVisible = 0;
			defaultConfigurationName = Release;
		};
		D9D3CE091B3F20EF00C8E195 /* Build configuration list for PBXNativeTarget "In2-PI-SwiftTests" */ = {
			isa = XCConfigurationList;
			buildConfigurations = (
				D9D3CE0A1B3F20EF00C8E195 /* Debug */,
				D9D3CE0B1B3F20EF00C8E195 /* Release */,
			);
			defaultConfigurationIsVisible = 0;
			defaultConfigurationName = Release;
		};
/* End XCConfigurationList section */
	};
	rootObject = D9D3CDDF1B3F20EF00C8E195 /* Project object */;
}
